// !$*UTF8*$!
{
	archiveVersion = 1;
	classes = {
	};
	objectVersion = 55;
	objects = {

/* Begin PBXBuildFile section */
		4DB41F2D289179FB002469FE /* learnplanApp.swift in Sources */ = {isa = PBXBuildFile; fileRef = 4DB41F2C289179FB002469FE /* learnplanApp.swift */; };
		4DB41F2F289179FB002469FE /* ContentView.swift in Sources */ = {isa = PBXBuildFile; fileRef = 4DB41F2E289179FB002469FE /* ContentView.swift */; };
		4DB41F31289179FC002469FE /* Assets.xcassets in Resources */ = {isa = PBXBuildFile; fileRef = 4DB41F30289179FC002469FE /* Assets.xcassets */; };
		4DB41F34289179FC002469FE /* Preview Assets.xcassets in Resources */ = {isa = PBXBuildFile; fileRef = 4DB41F33289179FC002469FE /* Preview Assets.xcassets */; };
		4DB41F36289179FC002469FE /* Persistence.swift in Sources */ = {isa = PBXBuildFile; fileRef = 4DB41F35289179FC002469FE /* Persistence.swift */; };
		4DB41F39289179FC002469FE /* learnplan.xcdatamodeld in Sources */ = {isa = PBXBuildFile; fileRef = 4DB41F37289179FC002469FE /* learnplan.xcdatamodeld */; };
		4DB41F43289179FC002469FE /* learnplanTests.swift in Sources */ = {isa = PBXBuildFile; fileRef = 4DB41F42289179FC002469FE /* learnplanTests.swift */; };
		4DB41F4D289179FC002469FE /* learnplanUITests.swift in Sources */ = {isa = PBXBuildFile; fileRef = 4DB41F4C289179FC002469FE /* learnplanUITests.swift */; };
		4DB41F4F289179FC002469FE /* learnplanUITestsLaunchTests.swift in Sources */ = {isa = PBXBuildFile; fileRef = 4DB41F4E289179FC002469FE /* learnplanUITestsLaunchTests.swift */; };
		4DB41F5E289199C2002469FE /* Home.swift in Sources */ = {isa = PBXBuildFile; fileRef = 4DB41F5D289199C2002469FE /* Home.swift */; };
		4DB41F602891A366002469FE /* TaskViewModel.swift in Sources */ = {isa = PBXBuildFile; fileRef = 4DB41F5F2891A366002469FE /* TaskViewModel.swift */; };
/* End PBXBuildFile section */

/* Begin PBXContainerItemProxy section */
		4DB41F3F289179FC002469FE /* PBXContainerItemProxy */ = {
			isa = PBXContainerItemProxy;
			containerPortal = 4DB41F21289179FB002469FE /* Project object */;
			proxyType = 1;
			remoteGlobalIDString = 4DB41F28289179FB002469FE;
			remoteInfo = learnplan;
		};
		4DB41F49289179FC002469FE /* PBXContainerItemProxy */ = {
			isa = PBXContainerItemProxy;
			containerPortal = 4DB41F21289179FB002469FE /* Project object */;
			proxyType = 1;
			remoteGlobalIDString = 4DB41F28289179FB002469FE;
			remoteInfo = learnplan;
		};
/* End PBXContainerItemProxy section */

/* Begin PBXFileReference section */
		4DB41F29289179FB002469FE /* learnplan.app */ = {isa = PBXFileReference; explicitFileType = wrapper.application; includeInIndex = 0; path = learnplan.app; sourceTree = BUILT_PRODUCTS_DIR; };
		4DB41F2C289179FB002469FE /* learnplanApp.swift */ = {isa = PBXFileReference; lastKnownFileType = sourcecode.swift; path = learnplanApp.swift; sourceTree = "<group>"; };
		4DB41F2E289179FB002469FE /* ContentView.swift */ = {isa = PBXFileReference; lastKnownFileType = sourcecode.swift; path = ContentView.swift; sourceTree = "<group>"; };
		4DB41F30289179FC002469FE /* Assets.xcassets */ = {isa = PBXFileReference; lastKnownFileType = folder.assetcatalog; path = Assets.xcassets; sourceTree = "<group>"; };
		4DB41F33289179FC002469FE /* Preview Assets.xcassets */ = {isa = PBXFileReference; lastKnownFileType = folder.assetcatalog; path = "Preview Assets.xcassets"; sourceTree = "<group>"; };
		4DB41F35289179FC002469FE /* Persistence.swift */ = {isa = PBXFileReference; lastKnownFileType = sourcecode.swift; path = Persistence.swift; sourceTree = "<group>"; };
		4DB41F38289179FC002469FE /* learnplan.xcdatamodel */ = {isa = PBXFileReference; lastKnownFileType = wrapper.xcdatamodel; path = learnplan.xcdatamodel; sourceTree = "<group>"; };
		4DB41F3E289179FC002469FE /* learnplanTests.xctest */ = {isa = PBXFileReference; explicitFileType = wrapper.cfbundle; includeInIndex = 0; path = learnplanTests.xctest; sourceTree = BUILT_PRODUCTS_DIR; };
		4DB41F42289179FC002469FE /* learnplanTests.swift */ = {isa = PBXFileReference; lastKnownFileType = sourcecode.swift; path = learnplanTests.swift; sourceTree = "<group>"; };
		4DB41F48289179FC002469FE /* learnplanUITests.xctest */ = {isa = PBXFileReference; explicitFileType = wrapper.cfbundle; includeInIndex = 0; path = learnplanUITests.xctest; sourceTree = BUILT_PRODUCTS_DIR; };
		4DB41F4C289179FC002469FE /* learnplanUITests.swift */ = {isa = PBXFileReference; lastKnownFileType = sourcecode.swift; path = learnplanUITests.swift; sourceTree = "<group>"; };
		4DB41F4E289179FC002469FE /* learnplanUITestsLaunchTests.swift */ = {isa = PBXFileReference; lastKnownFileType = sourcecode.swift; path = learnplanUITestsLaunchTests.swift; sourceTree = "<group>"; };
		4DB41F5D289199C2002469FE /* Home.swift */ = {isa = PBXFileReference; lastKnownFileType = sourcecode.swift; path = Home.swift; sourceTree = "<group>"; };
		4DB41F5F2891A366002469FE /* TaskViewModel.swift */ = {isa = PBXFileReference; lastKnownFileType = sourcecode.swift; path = TaskViewModel.swift; sourceTree = "<group>"; };
/* End PBXFileReference section */

/* Begin PBXFrameworksBuildPhase section */
		4DB41F26289179FB002469FE /* Frameworks */ = {
			isa = PBXFrameworksBuildPhase;
			buildActionMask = 2147483647;
			files = (
			);
			runOnlyForDeploymentPostprocessing = 0;
		};
		4DB41F3B289179FC002469FE /* Frameworks */ = {
			isa = PBXFrameworksBuildPhase;
			buildActionMask = 2147483647;
			files = (
			);
			runOnlyForDeploymentPostprocessing = 0;
		};
		4DB41F45289179FC002469FE /* Frameworks */ = {
			isa = PBXFrameworksBuildPhase;
			buildActionMask = 2147483647;
			files = (
			);
			runOnlyForDeploymentPostprocessing = 0;
		};
/* End PBXFrameworksBuildPhase section */

/* Begin PBXGroup section */
		4DB41F20289179FB002469FE = {
			isa = PBXGroup;
			children = (
				4DB41F2B289179FB002469FE /* learnplan */,
				4DB41F41289179FC002469FE /* learnplanTests */,
				4DB41F4B289179FC002469FE /* learnplanUITests */,
				4DB41F2A289179FB002469FE /* Products */,
			);
			sourceTree = "<group>";
		};
		4DB41F2A289179FB002469FE /* Products */ = {
			isa = PBXGroup;
			children = (
				4DB41F29289179FB002469FE /* learnplan.app */,
				4DB41F3E289179FC002469FE /* learnplanTests.xctest */,
				4DB41F48289179FC002469FE /* learnplanUITests.xctest */,
			);
			name = Products;
			sourceTree = "<group>";
		};
		4DB41F2B289179FB002469FE /* learnplan */ = {
			isa = PBXGroup;
			children = (
				4DB41F5C28919974002469FE /* ViewModel */,
				4DB41F5B28919941002469FE /* View */,
				4DB41F2C289179FB002469FE /* learnplanApp.swift */,
				4DB41F2E289179FB002469FE /* ContentView.swift */,
				4DB41F30289179FC002469FE /* Assets.xcassets */,
				4DB41F35289179FC002469FE /* Persistence.swift */,
				4DB41F37289179FC002469FE /* learnplan.xcdatamodeld */,
				4DB41F32289179FC002469FE /* Preview Content */,
			);
			path = learnplan;
			sourceTree = "<group>";
		};
		4DB41F32289179FC002469FE /* Preview Content */ = {
			isa = PBXGroup;
			children = (
				4DB41F33289179FC002469FE /* Preview Assets.xcassets */,
			);
			path = "Preview Content";
			sourceTree = "<group>";
		};
		4DB41F41289179FC002469FE /* learnplanTests */ = {
			isa = PBXGroup;
			children = (
				4DB41F42289179FC002469FE /* learnplanTests.swift */,
			);
			path = learnplanTests;
			sourceTree = "<group>";
		};
		4DB41F4B289179FC002469FE /* learnplanUITests */ = {
			isa = PBXGroup;
			children = (
				4DB41F4C289179FC002469FE /* learnplanUITests.swift */,
				4DB41F4E289179FC002469FE /* learnplanUITestsLaunchTests.swift */,
			);
			path = learnplanUITests;
			sourceTree = "<group>";
		};
		4DB41F5B28919941002469FE /* View */ = {
			isa = PBXGroup;
			children = (
				4DB41F5D289199C2002469FE /* Home.swift */,
			);
			path = View;
			sourceTree = "<group>";
		};
		4DB41F5C28919974002469FE /* ViewModel */ = {
			isa = PBXGroup;
			children = (
				4DB41F5F2891A366002469FE /* TaskViewModel.swift */,
			);
			path = ViewModel;
			sourceTree = "<group>";
		};
/* End PBXGroup section */

/* Begin PBXNativeTarget section */
		4DB41F28289179FB002469FE /* learnplan */ = {
			isa = PBXNativeTarget;
			buildConfigurationList = 4DB41F52289179FC002469FE /* Build configuration list for PBXNativeTarget "learnplan" */;
			buildPhases = (
				4DB41F25289179FB002469FE /* Sources */,
				4DB41F26289179FB002469FE /* Frameworks */,
				4DB41F27289179FB002469FE /* Resources */,
			);
			buildRules = (
			);
			dependencies = (
			);
			name = learnplan;
			productName = learnplan;
			productReference = 4DB41F29289179FB002469FE /* learnplan.app */;
			productType = "com.apple.product-type.application";
		};
		4DB41F3D289179FC002469FE /* learnplanTests */ = {
			isa = PBXNativeTarget;
			buildConfigurationList = 4DB41F55289179FC002469FE /* Build configuration list for PBXNativeTarget "learnplanTests" */;
			buildPhases = (
				4DB41F3A289179FC002469FE /* Sources */,
				4DB41F3B289179FC002469FE /* Frameworks */,
				4DB41F3C289179FC002469FE /* Resources */,
			);
			buildRules = (
			);
			dependencies = (
				4DB41F40289179FC002469FE /* PBXTargetDependency */,
			);
			name = learnplanTests;
			productName = learnplanTests;
			productReference = 4DB41F3E289179FC002469FE /* learnplanTests.xctest */;
			productType = "com.apple.product-type.bundle.unit-test";
		};
		4DB41F47289179FC002469FE /* learnplanUITests */ = {
			isa = PBXNativeTarget;
			buildConfigurationList = 4DB41F58289179FC002469FE /* Build configuration list for PBXNativeTarget "learnplanUITests" */;
			buildPhases = (
				4DB41F44289179FC002469FE /* Sources */,
				4DB41F45289179FC002469FE /* Frameworks */,
				4DB41F46289179FC002469FE /* Resources */,
			);
			buildRules = (
			);
			dependencies = (
				4DB41F4A289179FC002469FE /* PBXTargetDependency */,
			);
			name = learnplanUITests;
			productName = learnplanUITests;
			productReference = 4DB41F48289179FC002469FE /* learnplanUITests.xctest */;
			productType = "com.apple.product-type.bundle.ui-testing";
		};
/* End PBXNativeTarget section */

/* Begin PBXProject section */
		4DB41F21289179FB002469FE /* Project object */ = {
			isa = PBXProject;
			attributes = {
				BuildIndependentTargetsInParallel = 1;
				LastSwiftUpdateCheck = 1330;
				LastUpgradeCheck = 1330;
				TargetAttributes = {
					4DB41F28289179FB002469FE = {
						CreatedOnToolsVersion = 13.3;
					};
					4DB41F3D289179FC002469FE = {
						CreatedOnToolsVersion = 13.3;
						TestTargetID = 4DB41F28289179FB002469FE;
					};
					4DB41F47289179FC002469FE = {
						CreatedOnToolsVersion = 13.3;
						TestTargetID = 4DB41F28289179FB002469FE;
					};
				};
			};
			buildConfigurationList = 4DB41F24289179FB002469FE /* Build configuration list for PBXProject "learnplan" */;
			compatibilityVersion = "Xcode 13.0";
			developmentRegion = en;
			hasScannedForEncodings = 0;
			knownRegions = (
				en,
				Base,
			);
			mainGroup = 4DB41F20289179FB002469FE;
			productRefGroup = 4DB41F2A289179FB002469FE /* Products */;
			projectDirPath = "";
			projectRoot = "";
			targets = (
				4DB41F28289179FB002469FE /* learnplan */,
				4DB41F3D289179FC002469FE /* learnplanTests */,
				4DB41F47289179FC002469FE /* learnplanUITests */,
			);
		};
/* End PBXProject section */

/* Begin PBXResourcesBuildPhase section */
		4DB41F27289179FB002469FE /* Resources */ = {
			isa = PBXResourcesBuildPhase;
			buildActionMask = 2147483647;
			files = (
				4DB41F34289179FC002469FE /* Preview Assets.xcassets in Resources */,
				4DB41F31289179FC002469FE /* Assets.xcassets in Resources */,
			);
			runOnlyForDeploymentPostprocessing = 0;
		};
		4DB41F3C289179FC002469FE /* Resources */ = {
			isa = PBXResourcesBuildPhase;
			buildActionMask = 2147483647;
			files = (
			);
			runOnlyForDeploymentPostprocessing = 0;
		};
		4DB41F46289179FC002469FE /* Resources */ = {
			isa = PBXResourcesBuildPhase;
			buildActionMask = 2147483647;
			files = (
			);
			runOnlyForDeploymentPostprocessing = 0;
		};
/* End PBXResourcesBuildPhase section */

/* Begin PBXSourcesBuildPhase section */
		4DB41F25289179FB002469FE /* Sources */ = {
			isa = PBXSourcesBuildPhase;
			buildActionMask = 2147483647;
			files = (
				4DB41F36289179FC002469FE /* Persistence.swift in Sources */,
				4DB41F602891A366002469FE /* TaskViewModel.swift in Sources */,
				4DB41F2F289179FB002469FE /* ContentView.swift in Sources */,
				4DB41F5E289199C2002469FE /* Home.swift in Sources */,
				4DB41F2D289179FB002469FE /* learnplanApp.swift in Sources */,
				4DB41F39289179FC002469FE /* learnplan.xcdatamodeld in Sources */,
			);
			runOnlyForDeploymentPostprocessing = 0;
		};
		4DB41F3A289179FC002469FE /* Sources */ = {
			isa = PBXSourcesBuildPhase;
			buildActionMask = 2147483647;
			files = (
				4DB41F43289179FC002469FE /* learnplanTests.swift in Sources */,
			);
			runOnlyForDeploymentPostprocessing = 0;
		};
		4DB41F44289179FC002469FE /* Sources */ = {
			isa = PBXSourcesBuildPhase;
			buildActionMask = 2147483647;
			files = (
				4DB41F4F289179FC002469FE /* learnplanUITestsLaunchTests.swift in Sources */,
				4DB41F4D289179FC002469FE /* learnplanUITests.swift in Sources */,
			);
			runOnlyForDeploymentPostprocessing = 0;
		};
/* End PBXSourcesBuildPhase section */

/* Begin PBXTargetDependency section */
		4DB41F40289179FC002469FE /* PBXTargetDependency */ = {
			isa = PBXTargetDependency;
			target = 4DB41F28289179FB002469FE /* learnplan */;
			targetProxy = 4DB41F3F289179FC002469FE /* PBXContainerItemProxy */;
		};
		4DB41F4A289179FC002469FE /* PBXTargetDependency */ = {
			isa = PBXTargetDependency;
			target = 4DB41F28289179FB002469FE /* learnplan */;
			targetProxy = 4DB41F49289179FC002469FE /* PBXContainerItemProxy */;
		};
/* End PBXTargetDependency section */

/* Begin XCBuildConfiguration section */
		4DB41F50289179FC002469FE /* Debug */ = {
			isa = XCBuildConfiguration;
			buildSettings = {
				ALWAYS_SEARCH_USER_PATHS = NO;
				CLANG_ANALYZER_NONNULL = YES;
				CLANG_ANALYZER_NUMBER_OBJECT_CONVERSION = YES_AGGRESSIVE;
				CLANG_CXX_LANGUAGE_STANDARD = "gnu++17";
				CLANG_ENABLE_MODULES = YES;
				CLANG_ENABLE_OBJC_ARC = YES;
				CLANG_ENABLE_OBJC_WEAK = YES;
				CLANG_WARN_BLOCK_CAPTURE_AUTORELEASING = YES;
				CLANG_WARN_BOOL_CONVERSION = YES;
				CLANG_WARN_COMMA = YES;
				CLANG_WARN_CONSTANT_CONVERSION = YES;
				CLANG_WARN_DEPRECATED_OBJC_IMPLEMENTATIONS = YES;
				CLANG_WARN_DIRECT_OBJC_ISA_USAGE = YES_ERROR;
				CLANG_WARN_DOCUMENTATION_COMMENTS = YES;
				CLANG_WARN_EMPTY_BODY = YES;
				CLANG_WARN_ENUM_CONVERSION = YES;
				CLANG_WARN_INFINITE_RECURSION = YES;
				CLANG_WARN_INT_CONVERSION = YES;
				CLANG_WARN_NON_LITERAL_NULL_CONVERSION = YES;
				CLANG_WARN_OBJC_IMPLICIT_RETAIN_SELF = YES;
				CLANG_WARN_OBJC_LITERAL_CONVERSION = YES;
				CLANG_WARN_OBJC_ROOT_CLASS = YES_ERROR;
				CLANG_WARN_QUOTED_INCLUDE_IN_FRAMEWORK_HEADER = YES;
				CLANG_WARN_RANGE_LOOP_ANALYSIS = YES;
				CLANG_WARN_STRICT_PROTOTYPES = YES;
				CLANG_WARN_SUSPICIOUS_MOVE = YES;
				CLANG_WARN_UNGUARDED_AVAILABILITY = YES_AGGRESSIVE;
				CLANG_WARN_UNREACHABLE_CODE = YES;
				CLANG_WARN__DUPLICATE_METHOD_MATCH = YES;
				COPY_PHASE_STRIP = NO;
				DEBUG_INFORMATION_FORMAT = dwarf;
				ENABLE_STRICT_OBJC_MSGSEND = YES;
				ENABLE_TESTABILITY = YES;
				GCC_C_LANGUAGE_STANDARD = gnu11;
				GCC_DYNAMIC_NO_PIC = NO;
				GCC_NO_COMMON_BLOCKS = YES;
				GCC_OPTIMIZATION_LEVEL = 0;
				GCC_PREPROCESSOR_DEFINITIONS = (
					"DEBUG=1",
					"$(inherited)",
				);
				GCC_WARN_64_TO_32_BIT_CONVERSION = YES;
				GCC_WARN_ABOUT_RETURN_TYPE = YES_ERROR;
				GCC_WARN_UNDECLARED_SELECTOR = YES;
				GCC_WARN_UNINITIALIZED_AUTOS = YES_AGGRESSIVE;
				GCC_WARN_UNUSED_FUNCTION = YES;
				GCC_WARN_UNUSED_VARIABLE = YES;
				IPHONEOS_DEPLOYMENT_TARGET = 15.4;
				MTL_ENABLE_DEBUG_INFO = INCLUDE_SOURCE;
				MTL_FAST_MATH = YES;
				ONLY_ACTIVE_ARCH = YES;
				SDKROOT = iphoneos;
				SWIFT_ACTIVE_COMPILATION_CONDITIONS = DEBUG;
				SWIFT_OPTIMIZATION_LEVEL = "-Onone";
			};
			name = Debug;
		};
		4DB41F51289179FC002469FE /* Release */ = {
			isa = XCBuildConfiguration;
			buildSettings = {
				ALWAYS_SEARCH_USER_PATHS = NO;
				CLANG_ANALYZER_NONNULL = YES;
				CLANG_ANALYZER_NUMBER_OBJECT_CONVERSION = YES_AGGRESSIVE;
				CLANG_CXX_LANGUAGE_STANDARD = "gnu++17";
				CLANG_ENABLE_MODULES = YES;
				CLANG_ENABLE_OBJC_ARC = YES;
				CLANG_ENABLE_OBJC_WEAK = YES;
				CLANG_WARN_BLOCK_CAPTURE_AUTORELEASING = YES;
				CLANG_WARN_BOOL_CONVERSION = YES;
				CLANG_WARN_COMMA = YES;
				CLANG_WARN_CONSTANT_CONVERSION = YES;
				CLANG_WARN_DEPRECATED_OBJC_IMPLEMENTATIONS = YES;
				CLANG_WARN_DIRECT_OBJC_ISA_USAGE = YES_ERROR;
				CLANG_WARN_DOCUMENTATION_COMMENTS = YES;
				CLANG_WARN_EMPTY_BODY = YES;
				CLANG_WARN_ENUM_CONVERSION = YES;
				CLANG_WARN_INFINITE_RECURSION = YES;
				CLANG_WARN_INT_CONVERSION = YES;
				CLANG_WARN_NON_LITERAL_NULL_CONVERSION = YES;
				CLANG_WARN_OBJC_IMPLICIT_RETAIN_SELF = YES;
				CLANG_WARN_OBJC_LITERAL_CONVERSION = YES;
				CLANG_WARN_OBJC_ROOT_CLASS = YES_ERROR;
				CLANG_WARN_QUOTED_INCLUDE_IN_FRAMEWORK_HEADER = YES;
				CLANG_WARN_RANGE_LOOP_ANALYSIS = YES;
				CLANG_WARN_STRICT_PROTOTYPES = YES;
				CLANG_WARN_SUSPICIOUS_MOVE = YES;
				CLANG_WARN_UNGUARDED_AVAILABILITY = YES_AGGRESSIVE;
				CLANG_WARN_UNREACHABLE_CODE = YES;
				CLANG_WARN__DUPLICATE_METHOD_MATCH = YES;
				COPY_PHASE_STRIP = NO;
				DEBUG_INFORMATION_FORMAT = "dwarf-with-dsym";
				ENABLE_NS_ASSERTIONS = NO;
				ENABLE_STRICT_OBJC_MSGSEND = YES;
				GCC_C_LANGUAGE_STANDARD = gnu11;
				GCC_NO_COMMON_BLOCKS = YES;
				GCC_WARN_64_TO_32_BIT_CONVERSION = YES;
				GCC_WARN_ABOUT_RETURN_TYPE = YES_ERROR;
				GCC_WARN_UNDECLARED_SELECTOR = YES;
				GCC_WARN_UNINITIALIZED_AUTOS = YES_AGGRESSIVE;
				GCC_WARN_UNUSED_FUNCTION = YES;
				GCC_WARN_UNUSED_VARIABLE = YES;
				IPHONEOS_DEPLOYMENT_TARGET = 15.4;
				MTL_ENABLE_DEBUG_INFO = NO;
				MTL_FAST_MATH = YES;
				SDKROOT = iphoneos;
				SWIFT_COMPILATION_MODE = wholemodule;
				SWIFT_OPTIMIZATION_LEVEL = "-O";
				VALIDATE_PRODUCT = YES;
			};
			name = Release;
		};
		4DB41F53289179FC002469FE /* Debug */ = {
			isa = XCBuildConfiguration;
			buildSettings = {
				ASSETCATALOG_COMPILER_APPICON_NAME = AppIcon;
				ASSETCATALOG_COMPILER_GLOBAL_ACCENT_COLOR_NAME = AccentColor;
				CODE_SIGN_STYLE = Automatic;
				CURRENT_PROJECT_VERSION = 1;
				DEVELOPMENT_ASSET_PATHS = "\"learnplan/Preview Content\"";
				ENABLE_PREVIEWS = YES;
				GENERATE_INFOPLIST_FILE = YES;
				INFOPLIST_KEY_UIApplicationSceneManifest_Generation = YES;
				INFOPLIST_KEY_UIApplicationSupportsIndirectInputEvents = YES;
				INFOPLIST_KEY_UILaunchScreen_Generation = YES;
				INFOPLIST_KEY_UISupportedInterfaceOrientations_iPad = "UIInterfaceOrientationPortrait UIInterfaceOrientationPortraitUpsideDown UIInterfaceOrientationLandscapeLeft UIInterfaceOrientationLandscapeRight";
				INFOPLIST_KEY_UISupportedInterfaceOrientations_iPhone = "UIInterfaceOrientationPortrait UIInterfaceOrientationLandscapeLeft UIInterfaceOrientationLandscapeRight";
				LD_RUNPATH_SEARCH_PATHS = (
					"$(inherited)",
					"@executable_path/Frameworks",
				);
				MARKETING_VERSION = 1.0;
				PRODUCT_BUNDLE_IDENTIFIER = com.AppleDeveloperAcademyBinus.learnplan;
				PRODUCT_NAME = "$(TARGET_NAME)";
				SWIFT_EMIT_LOC_STRINGS = YES;
				SWIFT_VERSION = 5.0;
				TARGETED_DEVICE_FAMILY = "1,2";
			};
			name = Debug;
		};
		4DB41F54289179FC002469FE /* Release */ = {
			isa = XCBuildConfiguration;
			buildSettings = {
				ASSETCATALOG_COMPILER_APPICON_NAME = AppIcon;
				ASSETCATALOG_COMPILER_GLOBAL_ACCENT_COLOR_NAME = AccentColor;
				CODE_SIGN_STYLE = Automatic;
				CURRENT_PROJECT_VERSION = 1;
				DEVELOPMENT_ASSET_PATHS = "\"learnplan/Preview Content\"";
				ENABLE_PREVIEWS = YES;
				GENERATE_INFOPLIST_FILE = YES;
				INFOPLIST_KEY_UIApplicationSceneManifest_Generation = YES;
				INFOPLIST_KEY_UIApplicationSupportsIndirectInputEvents = YES;
				INFOPLIST_KEY_UILaunchScreen_Generation = YES;
				INFOPLIST_KEY_UISupportedInterfaceOrientations_iPad = "UIInterfaceOrientationPortrait UIInterfaceOrientationPortraitUpsideDown UIInterfaceOrientationLandscapeLeft UIInterfaceOrientationLandscapeRight";
				INFOPLIST_KEY_UISupportedInterfaceOrientations_iPhone = "UIInterfaceOrientationPortrait UIInterfaceOrientationLandscapeLeft UIInterfaceOrientationLandscapeRight";
				LD_RUNPATH_SEARCH_PATHS = (
					"$(inherited)",
					"@executable_path/Frameworks",
				);
				MARKETING_VERSION = 1.0;
				PRODUCT_BUNDLE_IDENTIFIER = com.AppleDeveloperAcademyBinus.learnplan;
				PRODUCT_NAME = "$(TARGET_NAME)";
				SWIFT_EMIT_LOC_STRINGS = YES;
				SWIFT_VERSION = 5.0;
				TARGETED_DEVICE_FAMILY = "1,2";
			};
			name = Release;
		};
		4DB41F56289179FC002469FE /* Debug */ = {
			isa = XCBuildConfiguration;
			buildSettings = {
				ALWAYS_EMBED_SWIFT_STANDARD_LIBRARIES = YES;
				BUNDLE_LOADER = "$(TEST_HOST)";
				CODE_SIGN_STYLE = Automatic;
				CURRENT_PROJECT_VERSION = 1;
				GENERATE_INFOPLIST_FILE = YES;
				IPHONEOS_DEPLOYMENT_TARGET = 15.4;
				MARKETING_VERSION = 1.0;
				PRODUCT_BUNDLE_IDENTIFIER = com.AppleDeveloperAcademyBinus.learnplanTests;
				PRODUCT_NAME = "$(TARGET_NAME)";
				SWIFT_EMIT_LOC_STRINGS = NO;
				SWIFT_VERSION = 5.0;
				TARGETED_DEVICE_FAMILY = "1,2";
				TEST_HOST = "$(BUILT_PRODUCTS_DIR)/learnplan.app/learnplan";
			};
			name = Debug;
		};
		4DB41F57289179FC002469FE /* Release */ = {
			isa = XCBuildConfiguration;
			buildSettings = {
				ALWAYS_EMBED_SWIFT_STANDARD_LIBRARIES = YES;
				BUNDLE_LOADER = "$(TEST_HOST)";
				CODE_SIGN_STYLE = Automatic;
				CURRENT_PROJECT_VERSION = 1;
				GENERATE_INFOPLIST_FILE = YES;
				IPHONEOS_DEPLOYMENT_TARGET = 15.4;
				MARKETING_VERSION = 1.0;
				PRODUCT_BUNDLE_IDENTIFIER = com.AppleDeveloperAcademyBinus.learnplanTests;
				PRODUCT_NAME = "$(TARGET_NAME)";
				SWIFT_EMIT_LOC_STRINGS = NO;
				SWIFT_VERSION = 5.0;
				TARGETED_DEVICE_FAMILY = "1,2";
				TEST_HOST = "$(BUILT_PRODUCTS_DIR)/learnplan.app/learnplan";
			};
			name = Release;
		};
		4DB41F59289179FC002469FE /* Debug */ = {
			isa = XCBuildConfiguration;
			buildSettings = {
				ALWAYS_EMBED_SWIFT_STANDARD_LIBRARIES = YES;
				CODE_SIGN_STYLE = Automatic;
				CURRENT_PROJECT_VERSION = 1;
				GENERATE_INFOPLIST_FILE = YES;
				MARKETING_VERSION = 1.0;
				PRODUCT_BUNDLE_IDENTIFIER = com.AppleDeveloperAcademyBinus.learnplanUITests;
				PRODUCT_NAME = "$(TARGET_NAME)";
				SWIFT_EMIT_LOC_STRINGS = NO;
				SWIFT_VERSION = 5.0;
				TARGETED_DEVICE_FAMILY = "1,2";
				TEST_TARGET_NAME = learnplan;
			};
			name = Debug;
		};
		4DB41F5A289179FC002469FE /* Release */ = {
			isa = XCBuildConfiguration;
			buildSettings = {
				ALWAYS_EMBED_SWIFT_STANDARD_LIBRARIES = YES;
				CODE_SIGN_STYLE = Automatic;
				CURRENT_PROJECT_VERSION = 1;
				GENERATE_INFOPLIST_FILE = YES;
				MARKETING_VERSION = 1.0;
				PRODUCT_BUNDLE_IDENTIFIER = com.AppleDeveloperAcademyBinus.learnplanUITests;
				PRODUCT_NAME = "$(TARGET_NAME)";
				SWIFT_EMIT_LOC_STRINGS = NO;
				SWIFT_VERSION = 5.0;
				TARGETED_DEVICE_FAMILY = "1,2";
				TEST_TARGET_NAME = learnplan;
			};
			name = Release;
		};
/* End XCBuildConfiguration section */

/* Begin XCConfigurationList section */
		4DB41F24289179FB002469FE /* Build configuration list for PBXProject "learnplan" */ = {
			isa = XCConfigurationList;
			buildConfigurations = (
				4DB41F50289179FC002469FE /* Debug */,
				4DB41F51289179FC002469FE /* Release */,
			);
			defaultConfigurationIsVisible = 0;
			defaultConfigurationName = Release;
		};
		4DB41F52289179FC002469FE /* Build configuration list for PBXNativeTarget "learnplan" */ = {
			isa = XCConfigurationList;
			buildConfigurations = (
				4DB41F53289179FC002469FE /* Debug */,
				4DB41F54289179FC002469FE /* Release */,
			);
			defaultConfigurationIsVisible = 0;
			defaultConfigurationName = Release;
		};
		4DB41F55289179FC002469FE /* Build configuration list for PBXNativeTarget "learnplanTests" */ = {
			isa = XCConfigurationList;
			buildConfigurations = (
				4DB41F56289179FC002469FE /* Debug */,
				4DB41F57289179FC002469FE /* Release */,
			);
			defaultConfigurationIsVisible = 0;
			defaultConfigurationName = Release;
		};
		4DB41F58289179FC002469FE /* Build configuration list for PBXNativeTarget "learnplanUITests" */ = {
			isa = XCConfigurationList;
			buildConfigurations = (
				4DB41F59289179FC002469FE /* Debug */,
				4DB41F5A289179FC002469FE /* Release */,
			);
			defaultConfigurationIsVisible = 0;
			defaultConfigurationName = Release;
		};
/* End XCConfigurationList section */

/* Begin XCVersionGroup section */
		4DB41F37289179FC002469FE /* learnplan.xcdatamodeld */ = {
			isa = XCVersionGroup;
			children = (
				4DB41F38289179FC002469FE /* learnplan.xcdatamodel */,
			);
			currentVersion = 4DB41F38289179FC002469FE /* learnplan.xcdatamodel */;
			path = learnplan.xcdatamodeld;
			sourceTree = "<group>";
			versionGroupType = wrapper.xcdatamodel;
		};
/* End XCVersionGroup section */
	};
	rootObject = 4DB41F21289179FB002469FE /* Project object */;
}
